// !$*UTF8*$!
{
	archiveVersion = 1;
	classes = {
	};
	objectVersion = 77;
	objects = {

/* Begin PBXBuildFile section */
		566710A72F1FBBD20084A371 /* WidgetKit.framework in Frameworks */ = {isa = PBXBuildFile; fileRef = 566710A62F1FBBD20084A371 /* WidgetKit.framework */; };
		566710A92F1FBBD20084A371 /* SwiftUI.framework in Frameworks */ = {isa = PBXBuildFile; fileRef = 566710A82F1FBBD20084A371 /* SwiftUI.framework */; };
		566710B62F1FBBD30084A371 /* LiveActivityWidget.appex in Embed Foundation Extensions */ = {isa = PBXBuildFile; fileRef = 566710A52F1FBBD20084A371 /* LiveActivityWidget.appex */; settings = {ATTRIBUTES = (RemoveHeadersOnCopy, ); }; };
		5692F1912F09F86500D9F0AA /* SQLiteData in Frameworks */ = {isa = PBXBuildFile; productRef = 5692F1902F09F86500D9F0AA /* SQLiteData */; };
		56BBBFFA2F0A0869008C2BFE /* CoreLocationManager in Frameworks */ = {isa = PBXBuildFile; productRef = 56BBBFF92F0A0869008C2BFE /* CoreLocationManager */; };
		56BBBFFC2F0A088C008C2BFE /* ObdLinkManager in Frameworks */ = {isa = PBXBuildFile; productRef = 56BBBFFB2F0A088C008C2BFE /* ObdLinkManager */; };
		56BBBFFE2F0A0893008C2BFE /* DokoPacketManager in Frameworks */ = {isa = PBXBuildFile; productRef = 56BBBFFD2F0A0893008C2BFE /* DokoPacketManager */; };
		56BBC0002F0A0899008C2BFE /* DokoLocationManager in Frameworks */ = {isa = PBXBuildFile; productRef = 56BBBFFF2F0A0899008C2BFE /* DokoLocationManager */; };
		56BBC0022F0A089E008C2BFE /* DokoVehicleManager in Frameworks */ = {isa = PBXBuildFile; productRef = 56BBC0012F0A089E008C2BFE /* DokoVehicleManager */; };
		56BBC0042F0A08A3008C2BFE /* DokoWeatherManager in Frameworks */ = {isa = PBXBuildFile; productRef = 56BBC0032F0A08A3008C2BFE /* DokoWeatherManager */; };
		56BBC0062F0A08C4008C2BFE /* DokoStateEngine in Frameworks */ = {isa = PBXBuildFile; productRef = 56BBC0052F0A08C4008C2BFE /* DokoStateEngine */; };
		56BBC00A2F0A0AFD008C2BFE /* DokoUI in Frameworks */ = {isa = PBXBuildFile; productRef = 56BBC0092F0A0AFD008C2BFE /* DokoUI */; };
		56DC448E2F1734700093A5C9 /* DokoNotificationManager in Frameworks */ = {isa = PBXBuildFile; productRef = 56DC448D2F1734700093A5C9 /* DokoNotificationManager */; };
		56E516952F1FD59B00D816AA /* LiveActivityCore in Frameworks */ = {isa = PBXBuildFile; productRef = 56E516942F1FD59B00D816AA /* LiveActivityCore */; };
		56E516972F1FD60B00D816AA /* LiveActivityCore in Frameworks */ = {isa = PBXBuildFile; productRef = 56E516962F1FD60B00D816AA /* LiveActivityCore */; };
/* End PBXBuildFile section */

/* Begin PBXContainerItemProxy section */
		566710B42F1FBBD30084A371 /* PBXContainerItemProxy */ = {
			isa = PBXContainerItemProxy;
			containerPortal = 566DA71B2F05ACDB0044D201 /* Project object */;
			proxyType = 1;
			remoteGlobalIDString = 566710A42F1FBBD20084A371;
			remoteInfo = LiveActivityWidgetExtension;
		};
		566DA7312F05ACDC0044D201 /* PBXContainerItemProxy */ = {
			isa = PBXContainerItemProxy;
			containerPortal = 566DA71B2F05ACDB0044D201 /* Project object */;
			proxyType = 1;
			remoteGlobalIDString = 566DA7222F05ACDB0044D201;
			remoteInfo = Pankuzu;
		};
/* End PBXContainerItemProxy section */

/* Begin PBXCopyFilesBuildPhase section */
		566710BB2F1FBBD30084A371 /* Embed Foundation Extensions */ = {
			isa = PBXCopyFilesBuildPhase;
			buildActionMask = 2147483647;
			dstPath = "";
			dstSubfolderSpec = 13;
			files = (
				566710B62F1FBBD30084A371 /* LiveActivityWidget.appex in Embed Foundation Extensions */,
			);
			name = "Embed Foundation Extensions";
			runOnlyForDeploymentPostprocessing = 0;
		};
/* End PBXCopyFilesBuildPhase section */

/* Begin PBXFileReference section */
		565E9EE72F0A00E400FE33AF /* doko-ui */ = {isa = PBXFileReference; lastKnownFileType = wrapper; path = "doko-ui"; sourceTree = "<group>"; };
		566710A02F1FB9170084A371 /* doko-live-activities */ = {isa = PBXFileReference; lastKnownFileType = wrapper; path = "doko-live-activities"; sourceTree = "<group>"; };
		566710A52F1FBBD20084A371 /* LiveActivityWidget.appex */ = {isa = PBXFileReference; explicitFileType = "wrapper.app-extension"; includeInIndex = 0; path = LiveActivityWidget.appex; sourceTree = BUILT_PRODUCTS_DIR; };
		566710A62F1FBBD20084A371 /* WidgetKit.framework */ = {isa = PBXFileReference; lastKnownFileType = wrapper.framework; name = WidgetKit.framework; path = System/Library/Frameworks/WidgetKit.framework; sourceTree = SDKROOT; };
		566710A82F1FBBD20084A371 /* SwiftUI.framework */ = {isa = PBXFileReference; lastKnownFileType = wrapper.framework; name = SwiftUI.framework; path = System/Library/Frameworks/SwiftUI.framework; sourceTree = SDKROOT; };
		566DA7232F05ACDB0044D201 /* Pankuzu.app */ = {isa = PBXFileReference; explicitFileType = wrapper.application; includeInIndex = 0; path = Pankuzu.app; sourceTree = BUILT_PRODUCTS_DIR; };
		566DA7302F05ACDC0044D201 /* PankuzuTests.xctest */ = {isa = PBXFileReference; explicitFileType = wrapper.cfbundle; includeInIndex = 0; path = PankuzuTests.xctest; sourceTree = BUILT_PRODUCTS_DIR; };
		5692F18B2F09F7DD00D9F0AA /* doko-core */ = {isa = PBXFileReference; lastKnownFileType = wrapper; path = "doko-core"; sourceTree = "<group>"; };
		5692F1A12F09F98B00D9F0AA /* obdlink-core */ = {isa = PBXFileReference; lastKnownFileType = wrapper; path = "obdlink-core"; sourceTree = "<group>"; };
		5692F1A22F09FA0A00D9F0AA /* doko-logging */ = {isa = PBXFileReference; lastKnownFileType = wrapper; path = "doko-logging"; sourceTree = "<group>"; };
		5692F1A32F09FA7700D9F0AA /* doko-debug */ = {isa = PBXFileReference; lastKnownFileType = wrapper; path = "doko-debug"; sourceTree = "<group>"; };
		5692F1A42F09FB9E00D9F0AA /* doko-managers */ = {isa = PBXFileReference; lastKnownFileType = wrapper; path = "doko-managers"; sourceTree = "<group>"; };
		5692F1A52F09FBD900D9F0AA /* doko-schema */ = {isa = PBXFileReference; lastKnownFileType = wrapper; path = "doko-schema"; sourceTree = "<group>"; };
		5692F1A72F09FC6A00D9F0AA /* doko-state-engine */ = {isa = PBXFileReference; lastKnownFileType = wrapper; path = "doko-state-engine"; sourceTree = "<group>"; };
		5692F1A82F09FC9D00D9F0AA /* doko-components */ = {isa = PBXFileReference; lastKnownFileType = wrapper; path = "doko-components"; sourceTree = "<group>"; };
		5692F1A92F09FCF800D9F0AA /* doko-vehicle-interface */ = {isa = PBXFileReference; lastKnownFileType = wrapper; path = "doko-vehicle-interface"; sourceTree = "<group>"; };
		569BF1B72F3EBC2B001E0A37 /* Shared.xcconfig */ = {isa = PBXFileReference; lastKnownFileType = text.xcconfig; path = Shared.xcconfig; sourceTree = "<group>"; };
		56A31D062F0A000700E4F1B4 /* doko-sharing */ = {isa = PBXFileReference; lastKnownFileType = wrapper; path = "doko-sharing"; sourceTree = "<group>"; };
/* End PBXFileReference section */

/* Begin PBXFileSystemSynchronizedBuildFileExceptionSet section */
		566710BA2F1FBBD30084A371 /* Exceptions for "LiveActivityWidget" folder in "LiveActivityWidget" target */ = {
			isa = PBXFileSystemSynchronizedBuildFileExceptionSet;
			membershipExceptions = (
				Info.plist,
			);
			target = 566710A42F1FBBD20084A371 /* LiveActivityWidget */;
		};
		566DA78C2F0AB8470044D201 /* Exceptions for "Pankuzu" folder in "Pankuzu" target */ = {
			isa = PBXFileSystemSynchronizedBuildFileExceptionSet;
			membershipExceptions = (
				Info.plist,
			);
			target = 566DA7222F05ACDB0044D201 /* Pankuzu */;
		};
/* End PBXFileSystemSynchronizedBuildFileExceptionSet section */

/* Begin PBXFileSystemSynchronizedRootGroup section */
		566710AA2F1FBBD20084A371 /* LiveActivityWidget */ = {
			isa = PBXFileSystemSynchronizedRootGroup;
			exceptions = (
				566710BA2F1FBBD30084A371 /* Exceptions for "LiveActivityWidget" folder in "LiveActivityWidget" target */,
			);
			path = LiveActivityWidget;
			sourceTree = "<group>";
		};
		566DA7252F05ACDB0044D201 /* Pankuzu */ = {
			isa = PBXFileSystemSynchronizedRootGroup;
			exceptions = (
				566DA78C2F0AB8470044D201 /* Exceptions for "Pankuzu" folder in "Pankuzu" target */,
			);
			path = Pankuzu;
			sourceTree = "<group>";
		};
		566DA7332F05ACDC0044D201 /* PankuzuTests */ = {
			isa = PBXFileSystemSynchronizedRootGroup;
			path = PankuzuTests;
			sourceTree = "<group>";
		};
/* End PBXFileSystemSynchronizedRootGroup section */

/* Begin PBXFrameworksBuildPhase section */
		566710A22F1FBBD20084A371 /* Frameworks */ = {
			isa = PBXFrameworksBuildPhase;
			buildActionMask = 2147483647;
			files = (
				56E516952F1FD59B00D816AA /* LiveActivityCore in Frameworks */,
				566710A92F1FBBD20084A371 /* SwiftUI.framework in Frameworks */,
				566710A72F1FBBD20084A371 /* WidgetKit.framework in Frameworks */,
			);
			runOnlyForDeploymentPostprocessing = 0;
		};
		566DA7202F05ACDB0044D201 /* Frameworks */ = {
			isa = PBXFrameworksBuildPhase;
			buildActionMask = 2147483647;
			files = (
				56BBBFFA2F0A0869008C2BFE /* CoreLocationManager in Frameworks */,
				56BBC0002F0A0899008C2BFE /* DokoLocationManager in Frameworks */,
				56BBBFFE2F0A0893008C2BFE /* DokoPacketManager in Frameworks */,
				56BBC0062F0A08C4008C2BFE /* DokoStateEngine in Frameworks */,
				56E516972F1FD60B00D816AA /* LiveActivityCore in Frameworks */,
				56BBC00A2F0A0AFD008C2BFE /* DokoUI in Frameworks */,
				56BBC0022F0A089E008C2BFE /* DokoVehicleManager in Frameworks */,
				56BBC0042F0A08A3008C2BFE /* DokoWeatherManager in Frameworks */,
				56DC448E2F1734700093A5C9 /* DokoNotificationManager in Frameworks */,
				5692F1912F09F86500D9F0AA /* SQLiteData in Frameworks */,
				56BBBFFC2F0A088C008C2BFE /* ObdLinkManager in Frameworks */,
			);
			runOnlyForDeploymentPostprocessing = 0;
		};
		566DA72D2F05ACDC0044D201 /* Frameworks */ = {
			isa = PBXFrameworksBuildPhase;
			buildActionMask = 2147483647;
			files = (
			);
			runOnlyForDeploymentPostprocessing = 0;
		};
/* End PBXFrameworksBuildPhase section */

/* Begin PBXGroup section */
		566DA71A2F05ACDB0044D201 = {
			isa = PBXGroup;
			children = (
				566710A02F1FB9170084A371 /* doko-live-activities */,
				565E9EE72F0A00E400FE33AF /* doko-ui */,
				56A31D062F0A000700E4F1B4 /* doko-sharing */,
				5692F1A92F09FCF800D9F0AA /* doko-vehicle-interface */,
				5692F1A82F09FC9D00D9F0AA /* doko-components */,
				5692F1A72F09FC6A00D9F0AA /* doko-state-engine */,
				5692F1A52F09FBD900D9F0AA /* doko-schema */,
				5692F1A42F09FB9E00D9F0AA /* doko-managers */,
				5692F1A32F09FA7700D9F0AA /* doko-debug */,
				5692F1A22F09FA0A00D9F0AA /* doko-logging */,
				5692F1A12F09F98B00D9F0AA /* obdlink-core */,
				5692F18B2F09F7DD00D9F0AA /* doko-core */,
				566DA7252F05ACDB0044D201 /* Pankuzu */,
				566DA7332F05ACDC0044D201 /* PankuzuTests */,
				566710AA2F1FBBD20084A371 /* LiveActivityWidget */,
				56BBBFF82F0A0869008C2BFE /* Frameworks */,
				566DA7242F05ACDB0044D201 /* Products */,
				569BF1B72F3EBC2B001E0A37 /* Shared.xcconfig */,
			);
			sourceTree = "<group>";
		};
		566DA7242F05ACDB0044D201 /* Products */ = {
			isa = PBXGroup;
			children = (
				566DA7232F05ACDB0044D201 /* Pankuzu.app */,
				566DA7302F05ACDC0044D201 /* PankuzuTests.xctest */,
				566710A52F1FBBD20084A371 /* LiveActivityWidget.appex */,
			);
			name = Products;
			sourceTree = "<group>";
		};
		56BBBFF82F0A0869008C2BFE /* Frameworks */ = {
			isa = PBXGroup;
			children = (
				566710A62F1FBBD20084A371 /* WidgetKit.framework */,
				566710A82F1FBBD20084A371 /* SwiftUI.framework */,
			);
			name = Frameworks;
			sourceTree = "<group>";
		};
/* End PBXGroup section */

/* Begin PBXNativeTarget section */
		566710A42F1FBBD20084A371 /* LiveActivityWidget */ = {
			isa = PBXNativeTarget;
			buildConfigurationList = 566710B72F1FBBD30084A371 /* Build configuration list for PBXNativeTarget "LiveActivityWidget" */;
			buildPhases = (
				566710A12F1FBBD20084A371 /* Sources */,
				566710A22F1FBBD20084A371 /* Frameworks */,
				566710A32F1FBBD20084A371 /* Resources */,
			);
			buildRules = (
			);
			dependencies = (
			);
			fileSystemSynchronizedGroups = (
				566710AA2F1FBBD20084A371 /* LiveActivityWidget */,
			);
			name = LiveActivityWidget;
			packageProductDependencies = (
				56E516942F1FD59B00D816AA /* LiveActivityCore */,
			);
			productName = LiveActivityWidgetExtension;
			productReference = 566710A52F1FBBD20084A371 /* LiveActivityWidget.appex */;
			productType = "com.apple.product-type.app-extension";
		};
		566DA7222F05ACDB0044D201 /* Pankuzu */ = {
			isa = PBXNativeTarget;
			buildConfigurationList = 566DA7442F05ACDC0044D201 /* Build configuration list for PBXNativeTarget "Pankuzu" */;
			buildPhases = (
				566DA71F2F05ACDB0044D201 /* Sources */,
				566DA7202F05ACDB0044D201 /* Frameworks */,
				56D01CA92F0D85C800E54665 /* Git Hash Generation */,
				566DA7212F05ACDB0044D201 /* Resources */,
				566710BB2F1FBBD30084A371 /* Embed Foundation Extensions */,
			);
			buildRules = (
			);
			dependencies = (
				566710B52F1FBBD30084A371 /* PBXTargetDependency */,
			);
			fileSystemSynchronizedGroups = (
				566DA7252F05ACDB0044D201 /* Pankuzu */,
			);
			name = Pankuzu;
			packageProductDependencies = (
				5692F1902F09F86500D9F0AA /* SQLiteData */,
				56BBBFF92F0A0869008C2BFE /* CoreLocationManager */,
				56BBBFFB2F0A088C008C2BFE /* ObdLinkManager */,
				56BBBFFD2F0A0893008C2BFE /* DokoPacketManager */,
				56BBBFFF2F0A0899008C2BFE /* DokoLocationManager */,
				56BBC0012F0A089E008C2BFE /* DokoVehicleManager */,
				56BBC0032F0A08A3008C2BFE /* DokoWeatherManager */,
				56BBC0052F0A08C4008C2BFE /* DokoStateEngine */,
				56BBC0092F0A0AFD008C2BFE /* DokoUI */,
				56DC448D2F1734700093A5C9 /* DokoNotificationManager */,
				56E516962F1FD60B00D816AA /* LiveActivityCore */,
			);
			productName = Pankuzu;
			productReference = 566DA7232F05ACDB0044D201 /* Pankuzu.app */;
			productType = "com.apple.product-type.application";
		};
		566DA72F2F05ACDC0044D201 /* PankuzuTests */ = {
			isa = PBXNativeTarget;
			buildConfigurationList = 566DA7472F05ACDC0044D201 /* Build configuration list for PBXNativeTarget "PankuzuTests" */;
			buildPhases = (
				566DA72C2F05ACDC0044D201 /* Sources */,
				566DA72D2F05ACDC0044D201 /* Frameworks */,
				566DA72E2F05ACDC0044D201 /* Resources */,
			);
			buildRules = (
			);
			dependencies = (
				566DA7322F05ACDC0044D201 /* PBXTargetDependency */,
			);
			fileSystemSynchronizedGroups = (
				566DA7332F05ACDC0044D201 /* PankuzuTests */,
			);
			name = PankuzuTests;
			packageProductDependencies = (
			);
			productName = PankuzuTests;
			productReference = 566DA7302F05ACDC0044D201 /* PankuzuTests.xctest */;
			productType = "com.apple.product-type.bundle.unit-test";
		};
/* End PBXNativeTarget section */

/* Begin PBXProject section */
		566DA71B2F05ACDB0044D201 /* Project object */ = {
			isa = PBXProject;
			attributes = {
				BuildIndependentTargetsInParallel = 1;
				LastSwiftUpdateCheck = 2620;
				LastUpgradeCheck = 2630;
				TargetAttributes = {
					566710A42F1FBBD20084A371 = {
						CreatedOnToolsVersion = 26.2;
					};
					566DA7222F05ACDB0044D201 = {
						CreatedOnToolsVersion = 26.2;
					};
					566DA72F2F05ACDC0044D201 = {
						CreatedOnToolsVersion = 26.2;
						TestTargetID = 566DA7222F05ACDB0044D201;
					};
				};
			};
			buildConfigurationList = 566DA71E2F05ACDB0044D201 /* Build configuration list for PBXProject "Pankuzu" */;
			developmentRegion = en;
			hasScannedForEncodings = 0;
			knownRegions = (
				en,
				Base,
			);
			mainGroup = 566DA71A2F05ACDB0044D201;
			minimizedProjectReferenceProxies = 1;
			packageReferences = (
				5692F18F2F09F86500D9F0AA /* XCRemoteSwiftPackageReference "sqlite-data" */,
			);
			preferredProjectObjectVersion = 77;
			productRefGroup = 566DA7242F05ACDB0044D201 /* Products */;
			projectDirPath = "";
			projectRoot = "";
			targets = (
				566DA7222F05ACDB0044D201 /* Pankuzu */,
				566DA72F2F05ACDC0044D201 /* PankuzuTests */,
				566710A42F1FBBD20084A371 /* LiveActivityWidget */,
			);
		};
/* End PBXProject section */

/* Begin PBXResourcesBuildPhase section */
		566710A32F1FBBD20084A371 /* Resources */ = {
			isa = PBXResourcesBuildPhase;
			buildActionMask = 2147483647;
			files = (
			);
			runOnlyForDeploymentPostprocessing = 0;
		};
		566DA7212F05ACDB0044D201 /* Resources */ = {
			isa = PBXResourcesBuildPhase;
			buildActionMask = 2147483647;
			files = (
			);
			runOnlyForDeploymentPostprocessing = 0;
		};
		566DA72E2F05ACDC0044D201 /* Resources */ = {
			isa = PBXResourcesBuildPhase;
			buildActionMask = 2147483647;
			files = (
			);
			runOnlyForDeploymentPostprocessing = 0;
		};
/* End PBXResourcesBuildPhase section */

/* Begin PBXShellScriptBuildPhase section */
		56D01CA92F0D85C800E54665 /* Git Hash Generation */ = {
			isa = PBXShellScriptBuildPhase;
			buildActionMask = 2147483647;
			files = (
			);
			inputFileListPaths = (
			);
			inputPaths = (
				"$(SRCROOT)/.git",
			);
			name = "Git Hash Generation";
			outputFileListPaths = (
			);
			outputPaths = (
				"$(TARGET_BUILD_DIR)/$(UNLOCALIZED_RESOURCES_FOLDER_PATH)/BuildInfo.plist",
			);
			runOnlyForDeploymentPostprocessing = 0;
			shellPath = /bin/sh;
			shellScript = "\n# script thanks to https://www.richinfante.com/2025/01/13/include-git-hash-in-ios-app\n# configure git and grab version\nGIT_BIN=`xcrun -find git`\nREVISION=`${GIT_BIN} rev-parse --short HEAD`\nREVISION_LONG=`${GIT_BIN} rev-parse HEAD`\nBRANCH_NAME=`${GIT_BIN} branch | grep '*' | cut -d' ' -f2`\nBUILT_AT=`date -u +\"%Y-%m-%dT%H:%M:%SZ\"`\n\n# output location - this is the main bundle, under \"BuildInfo.plist\"\nMAIN_BUNDLE=\"${TARGET_BUILD_DIR}/${UNLOCALIZED_RESOURCES_FOLDER_PATH}\"\nOUTPUT_FILE=\"${MAIN_BUNDLE}/BuildInfo.plist\"\n\n# Add new properties to a brand new plist file at our destination\nrm \"$OUTPUT_FILE\"\n/usr/libexec/PlistBuddy -c \"Add :ShortVersion string ${REVISION}\" \"$OUTPUT_FILE\"\n/usr/libexec/PlistBuddy -c \"Add :LongVersion string ${REVISION_LONG}\" \"$OUTPUT_FILE\"\n/usr/libexec/PlistBuddy -c \"Add :BranchName string ${BRANCH_NAME}\" \"$OUTPUT_FILE\"\n/usr/libexec/PlistBuddy -c \"Add :BuiltAt string ${BUILT_AT}\" \"$OUTPUT_FILE\"\n";
		};
/* End PBXShellScriptBuildPhase section */

/* Begin PBXSourcesBuildPhase section */
		566710A12F1FBBD20084A371 /* Sources */ = {
			isa = PBXSourcesBuildPhase;
			buildActionMask = 2147483647;
			files = (
			);
			runOnlyForDeploymentPostprocessing = 0;
		};
		566DA71F2F05ACDB0044D201 /* Sources */ = {
			isa = PBXSourcesBuildPhase;
			buildActionMask = 2147483647;
			files = (
			);
			runOnlyForDeploymentPostprocessing = 0;
		};
		566DA72C2F05ACDC0044D201 /* Sources */ = {
			isa = PBXSourcesBuildPhase;
			buildActionMask = 2147483647;
			files = (
			);
			runOnlyForDeploymentPostprocessing = 0;
		};
/* End PBXSourcesBuildPhase section */

/* Begin PBXTargetDependency section */
		566710B52F1FBBD30084A371 /* PBXTargetDependency */ = {
			isa = PBXTargetDependency;
			target = 566710A42F1FBBD20084A371 /* LiveActivityWidget */;
			targetProxy = 566710B42F1FBBD30084A371 /* PBXContainerItemProxy */;
		};
		566DA7322F05ACDC0044D201 /* PBXTargetDependency */ = {
			isa = PBXTargetDependency;
			target = 566DA7222F05ACDB0044D201 /* Pankuzu */;
			targetProxy = 566DA7312F05ACDC0044D201 /* PBXContainerItemProxy */;
		};
/* End PBXTargetDependency section */

/* Begin XCBuildConfiguration section */
		566710B82F1FBBD30084A371 /* Debug */ = {
			isa = XCBuildConfiguration;
			buildSettings = {
				ASSETCATALOG_COMPILER_GLOBAL_ACCENT_COLOR_NAME = AccentColor;
				ASSETCATALOG_COMPILER_WIDGET_BACKGROUND_COLOR_NAME = WidgetBackground;
				CODE_SIGN_STYLE = Automatic;
				CURRENT_PROJECT_VERSION = 13;
				DEVELOPMENT_TEAM = 3FWWMRTJCH;
				ENABLE_USER_SCRIPT_SANDBOXING = YES;
				GENERATE_INFOPLIST_FILE = YES;
				INFOPLIST_FILE = LiveActivityWidget/Info.plist;
				INFOPLIST_KEY_CFBundleDisplayName = LiveActivityWidget;
				INFOPLIST_KEY_NSHumanReadableCopyright = "";
				IPHONEOS_DEPLOYMENT_TARGET = 26.0;
				LD_RUNPATH_SEARCH_PATHS = (
					"$(inherited)",
					"@executable_path/Frameworks",
					"@executable_path/../../Frameworks",
				);
				MARKETING_VERSION = 2026.02;
				PRODUCT_BUNDLE_IDENTIFIER = com.unchan.pankuzu.Pankuzu.LiveActivityWidget;
				PRODUCT_NAME = "$(TARGET_NAME)";
				SKIP_INSTALL = YES;
				STRING_CATALOG_GENERATE_SYMBOLS = YES;
				SUPPORTED_PLATFORMS = "iphoneos iphonesimulator";
				SUPPORTS_MACCATALYST = NO;
				SUPPORTS_MAC_DESIGNED_FOR_IPHONE_IPAD = NO;
				SUPPORTS_XR_DESIGNED_FOR_IPHONE_IPAD = NO;
				SWIFT_APPROACHABLE_CONCURRENCY = YES;
				SWIFT_EMIT_LOC_STRINGS = YES;
				SWIFT_UPCOMING_FEATURE_MEMBER_IMPORT_VISIBILITY = YES;
				SWIFT_VERSION = 6.0;
				TARGETED_DEVICE_FAMILY = 1;
			};
			name = Debug;
		};
		566710B92F1FBBD30084A371 /* Release */ = {
			isa = XCBuildConfiguration;
			buildSettings = {
				ASSETCATALOG_COMPILER_GLOBAL_ACCENT_COLOR_NAME = AccentColor;
				ASSETCATALOG_COMPILER_WIDGET_BACKGROUND_COLOR_NAME = WidgetBackground;
				CODE_SIGN_STYLE = Automatic;
				CURRENT_PROJECT_VERSION = 13;
				DEVELOPMENT_TEAM = 3FWWMRTJCH;
				ENABLE_USER_SCRIPT_SANDBOXING = YES;
				GENERATE_INFOPLIST_FILE = YES;
				INFOPLIST_FILE = LiveActivityWidget/Info.plist;
				INFOPLIST_KEY_CFBundleDisplayName = LiveActivityWidget;
				INFOPLIST_KEY_NSHumanReadableCopyright = "";
				IPHONEOS_DEPLOYMENT_TARGET = 26.0;
				LD_RUNPATH_SEARCH_PATHS = (
					"$(inherited)",
					"@executable_path/Frameworks",
					"@executable_path/../../Frameworks",
				);
				MARKETING_VERSION = 2026.02;
				PRODUCT_BUNDLE_IDENTIFIER = com.unchan.pankuzu.Pankuzu.LiveActivityWidget;
				PRODUCT_NAME = "$(TARGET_NAME)";
				SKIP_INSTALL = YES;
				STRING_CATALOG_GENERATE_SYMBOLS = YES;
				SUPPORTED_PLATFORMS = "iphoneos iphonesimulator";
				SUPPORTS_MACCATALYST = NO;
				SUPPORTS_MAC_DESIGNED_FOR_IPHONE_IPAD = NO;
				SUPPORTS_XR_DESIGNED_FOR_IPHONE_IPAD = NO;
				SWIFT_APPROACHABLE_CONCURRENCY = YES;
				SWIFT_EMIT_LOC_STRINGS = YES;
				SWIFT_UPCOMING_FEATURE_MEMBER_IMPORT_VISIBILITY = YES;
				SWIFT_VERSION = 6.0;
				TARGETED_DEVICE_FAMILY = 1;
			};
			name = Release;
		};
		566DA7422F05ACDC0044D201 /* Debug */ = {
			isa = XCBuildConfiguration;
			baseConfigurationReference = 569BF1B72F3EBC2B001E0A37 /* Shared.xcconfig */;
			buildSettings = {
				ALWAYS_SEARCH_USER_PATHS = NO;
				ASSETCATALOG_COMPILER_GENERATE_SWIFT_ASSET_SYMBOL_EXTENSIONS = YES;
				CLANG_ANALYZER_NONNULL = YES;
				CLANG_ANALYZER_NUMBER_OBJECT_CONVERSION = YES_AGGRESSIVE;
				CLANG_CXX_LANGUAGE_STANDARD = "gnu++20";
				CLANG_ENABLE_MODULES = YES;
				CLANG_ENABLE_OBJC_ARC = YES;
				CLANG_ENABLE_OBJC_WEAK = YES;
				CLANG_WARN_BLOCK_CAPTURE_AUTORELEASING = YES;
				CLANG_WARN_BOOL_CONVERSION = YES;
				CLANG_WARN_COMMA = YES;
				CLANG_WARN_CONSTANT_CONVERSION = YES;
				CLANG_WARN_DEPRECATED_OBJC_IMPLEMENTATIONS = YES;
				CLANG_WARN_DIRECT_OBJC_ISA_USAGE = YES_ERROR;
				CLANG_WARN_DOCUMENTATION_COMMENTS = YES;
				CLANG_WARN_EMPTY_BODY = YES;
				CLANG_WARN_ENUM_CONVERSION = YES;
				CLANG_WARN_INFINITE_RECURSION = YES;
				CLANG_WARN_INT_CONVERSION = YES;
				CLANG_WARN_NON_LITERAL_NULL_CONVERSION = YES;
				CLANG_WARN_OBJC_IMPLICIT_RETAIN_SELF = YES;
				CLANG_WARN_OBJC_LITERAL_CONVERSION = YES;
				CLANG_WARN_OBJC_ROOT_CLASS = YES_ERROR;
				CLANG_WARN_QUOTED_INCLUDE_IN_FRAMEWORK_HEADER = YES;
				CLANG_WARN_RANGE_LOOP_ANALYSIS = YES;
				CLANG_WARN_STRICT_PROTOTYPES = YES;
				CLANG_WARN_SUSPICIOUS_MOVE = YES;
				CLANG_WARN_UNGUARDED_AVAILABILITY = YES_AGGRESSIVE;
				CLANG_WARN_UNREACHABLE_CODE = YES;
				CLANG_WARN__DUPLICATE_METHOD_MATCH = YES;
				COPY_PHASE_STRIP = NO;
				DEBUG_INFORMATION_FORMAT = dwarf;
				DEVELOPMENT_TEAM = 3FWWMRTJCH;
				ENABLE_STRICT_OBJC_MSGSEND = YES;
				ENABLE_TESTABILITY = YES;
				ENABLE_USER_SCRIPT_SANDBOXING = NO;
				GCC_C_LANGUAGE_STANDARD = gnu17;
				GCC_DYNAMIC_NO_PIC = NO;
				GCC_NO_COMMON_BLOCKS = YES;
				GCC_OPTIMIZATION_LEVEL = 0;
				GCC_PREPROCESSOR_DEFINITIONS = (
					"DEBUG=1",
					"$(inherited)",
				);
				GCC_WARN_64_TO_32_BIT_CONVERSION = YES;
				GCC_WARN_ABOUT_RETURN_TYPE = YES_ERROR;
				GCC_WARN_UNDECLARED_SELECTOR = YES;
				GCC_WARN_UNINITIALIZED_AUTOS = YES_AGGRESSIVE;
				GCC_WARN_UNUSED_FUNCTION = YES;
				GCC_WARN_UNUSED_VARIABLE = YES;
				IPHONEOS_DEPLOYMENT_TARGET = 26.2;
				LOCALIZATION_PREFERS_STRING_CATALOGS = YES;
				MTL_ENABLE_DEBUG_INFO = INCLUDE_SOURCE;
				MTL_FAST_MATH = YES;
				ONLY_ACTIVE_ARCH = YES;
				SDKROOT = iphoneos;
				STRING_CATALOG_GENERATE_SYMBOLS = YES;
				SWIFT_ACTIVE_COMPILATION_CONDITIONS = "DEBUG $(inherited)";
				SWIFT_OPTIMIZATION_LEVEL = "-Onone";
			};
			name = Debug;
		};
		566DA7432F05ACDC0044D201 /* Release */ = {
			isa = XCBuildConfiguration;
			baseConfigurationReference = 569BF1B72F3EBC2B001E0A37 /* Shared.xcconfig */;
			buildSettings = {
				ALWAYS_SEARCH_USER_PATHS = NO;
				ASSETCATALOG_COMPILER_GENERATE_SWIFT_ASSET_SYMBOL_EXTENSIONS = YES;
				CLANG_ANALYZER_NONNULL = YES;
				CLANG_ANALYZER_NUMBER_OBJECT_CONVERSION = YES_AGGRESSIVE;
				CLANG_CXX_LANGUAGE_STANDARD = "gnu++20";
				CLANG_ENABLE_MODULES = YES;
				CLANG_ENABLE_OBJC_ARC = YES;
				CLANG_ENABLE_OBJC_WEAK = YES;
				CLANG_WARN_BLOCK_CAPTURE_AUTORELEASING = YES;
				CLANG_WARN_BOOL_CONVERSION = YES;
				CLANG_WARN_COMMA = YES;
				CLANG_WARN_CONSTANT_CONVERSION = YES;
				CLANG_WARN_DEPRECATED_OBJC_IMPLEMENTATIONS = YES;
				CLANG_WARN_DIRECT_OBJC_ISA_USAGE = YES_ERROR;
				CLANG_WARN_DOCUMENTATION_COMMENTS = YES;
				CLANG_WARN_EMPTY_BODY = YES;
				CLANG_WARN_ENUM_CONVERSION = YES;
				CLANG_WARN_INFINITE_RECURSION = YES;
				CLANG_WARN_INT_CONVERSION = YES;
				CLANG_WARN_NON_LITERAL_NULL_CONVERSION = YES;
				CLANG_WARN_OBJC_IMPLICIT_RETAIN_SELF = YES;
				CLANG_WARN_OBJC_LITERAL_CONVERSION = YES;
				CLANG_WARN_OBJC_ROOT_CLASS = YES_ERROR;
				CLANG_WARN_QUOTED_INCLUDE_IN_FRAMEWORK_HEADER = YES;
				CLANG_WARN_RANGE_LOOP_ANALYSIS = YES;
				CLANG_WARN_STRICT_PROTOTYPES = YES;
				CLANG_WARN_SUSPICIOUS_MOVE = YES;
				CLANG_WARN_UNGUARDED_AVAILABILITY = YES_AGGRESSIVE;
				CLANG_WARN_UNREACHABLE_CODE = YES;
				CLANG_WARN__DUPLICATE_METHOD_MATCH = YES;
				COPY_PHASE_STRIP = NO;
				DEBUG_INFORMATION_FORMAT = "dwarf-with-dsym";
				DEVELOPMENT_TEAM = 3FWWMRTJCH;
				ENABLE_NS_ASSERTIONS = NO;
				ENABLE_STRICT_OBJC_MSGSEND = YES;
				ENABLE_USER_SCRIPT_SANDBOXING = NO;
				GCC_C_LANGUAGE_STANDARD = gnu17;
				GCC_NO_COMMON_BLOCKS = YES;
				GCC_WARN_64_TO_32_BIT_CONVERSION = YES;
				GCC_WARN_ABOUT_RETURN_TYPE = YES_ERROR;
				GCC_WARN_UNDECLARED_SELECTOR = YES;
				GCC_WARN_UNINITIALIZED_AUTOS = YES_AGGRESSIVE;
				GCC_WARN_UNUSED_FUNCTION = YES;
				GCC_WARN_UNUSED_VARIABLE = YES;
				IPHONEOS_DEPLOYMENT_TARGET = 26.2;
				LOCALIZATION_PREFERS_STRING_CATALOGS = YES;
				MTL_ENABLE_DEBUG_INFO = NO;
				MTL_FAST_MATH = YES;
				SDKROOT = iphoneos;
				STRING_CATALOG_GENERATE_SYMBOLS = YES;
				SWIFT_COMPILATION_MODE = wholemodule;
				VALIDATE_PRODUCT = YES;
			};
			name = Release;
		};
		566DA7452F05ACDC0044D201 /* Debug */ = {
			isa = XCBuildConfiguration;
			buildSettings = {
				ASSETCATALOG_COMPILER_APPICON_NAME = AppIcon;
				ASSETCATALOG_COMPILER_GLOBAL_ACCENT_COLOR_NAME = AccentColor;
				CODE_SIGN_ENTITLEMENTS = Pankuzu/Pankuzu.entitlements;
				CODE_SIGN_STYLE = Automatic;
				CURRENT_PROJECT_VERSION = 13;
				DEVELOPMENT_TEAM = 3FWWMRTJCH;
				ENABLE_PREVIEWS = YES;
				GENERATE_INFOPLIST_FILE = YES;
				INFOPLIST_FILE = Pankuzu/Info.plist;
				INFOPLIST_KEY_CFBundleDisplayName = Pankuzu;
				INFOPLIST_KEY_ITSAppUsesNonExemptEncryption = NO;
				INFOPLIST_KEY_LSApplicationCategoryType = "public.app-category.navigation";
				INFOPLIST_KEY_NSLocationAlwaysAndWhenInUseUsageDescription = "'Always' location permission is required to record trips and charge sessions when this app is not in the foreground. Location information is only used in Pankuzu and is not shared.";
				INFOPLIST_KEY_NSLocationWhenInUseUsageDescription = "Your location is used to record your trips and charge sessions and is required for use. Location data is collected only when recording an activity and is never shared.";
				INFOPLIST_KEY_NSSupportsLiveActivities = YES;
				INFOPLIST_KEY_UIApplicationSceneManifest_Generation = YES;
				INFOPLIST_KEY_UIApplicationSupportsIndirectInputEvents = YES;
				INFOPLIST_KEY_UILaunchScreen_Generation = YES;
				INFOPLIST_KEY_UISupportedInterfaceOrientations = UIInterfaceOrientationPortrait;
				IPHONEOS_DEPLOYMENT_TARGET = 26.0;
				LD_RUNPATH_SEARCH_PATHS = (
					"$(inherited)",
					"@executable_path/Frameworks",
				);
				MARKETING_VERSION = 2026.02;
				PRODUCT_BUNDLE_IDENTIFIER = com.unchan.pankuzu.Pankuzu;
				PRODUCT_NAME = "$(TARGET_NAME)";
				STRING_CATALOG_GENERATE_SYMBOLS = YES;
				SUPPORTED_PLATFORMS = "iphoneos iphonesimulator";
				SUPPORTS_MACCATALYST = NO;
				SUPPORTS_MAC_DESIGNED_FOR_IPHONE_IPAD = NO;
				SUPPORTS_XR_DESIGNED_FOR_IPHONE_IPAD = NO;
				SWIFT_APPROACHABLE_CONCURRENCY = YES;
				SWIFT_DEFAULT_ACTOR_ISOLATION = nonisolated;
				SWIFT_EMIT_LOC_STRINGS = YES;
				SWIFT_UPCOMING_FEATURE_MEMBER_IMPORT_VISIBILITY = YES;
				SWIFT_VERSION = 6.0;
				TARGETED_DEVICE_FAMILY = 1;
			};
			name = Debug;
		};
		566DA7462F05ACDC0044D201 /* Release */ = {
			isa = XCBuildConfiguration;
			buildSettings = {
				ASSETCATALOG_COMPILER_APPICON_NAME = AppIcon;
				ASSETCATALOG_COMPILER_GLOBAL_ACCENT_COLOR_NAME = AccentColor;
				CODE_SIGN_ENTITLEMENTS = Pankuzu/Pankuzu.entitlements;
				CODE_SIGN_STYLE = Automatic;
				CURRENT_PROJECT_VERSION = 13;
				DEVELOPMENT_TEAM = 3FWWMRTJCH;
				ENABLE_PREVIEWS = YES;
				GENERATE_INFOPLIST_FILE = YES;
				INFOPLIST_FILE = Pankuzu/Info.plist;
				INFOPLIST_KEY_CFBundleDisplayName = Pankuzu;
				INFOPLIST_KEY_ITSAppUsesNonExemptEncryption = NO;
				INFOPLIST_KEY_LSApplicationCategoryType = "public.app-category.navigation";
				INFOPLIST_KEY_NSLocationAlwaysAndWhenInUseUsageDescription = "'Always' location permission is required to record trips and charge sessions when this app is not in the foreground. Location information is only used in Pankuzu and is not shared.";
				INFOPLIST_KEY_NSLocationWhenInUseUsageDescription = "Your location is used to record your trips and charge sessions and is required for use. Location data is collected only when recording an activity and is never shared.";
				INFOPLIST_KEY_NSSupportsLiveActivities = YES;
				INFOPLIST_KEY_UIApplicationSceneManifest_Generation = YES;
				INFOPLIST_KEY_UIApplicationSupportsIndirectInputEvents = YES;
				INFOPLIST_KEY_UILaunchScreen_Generation = YES;
				INFOPLIST_KEY_UISupportedInterfaceOrientations = UIInterfaceOrientationPortrait;
				IPHONEOS_DEPLOYMENT_TARGET = 26.0;
				LD_RUNPATH_SEARCH_PATHS = (
					"$(inherited)",
					"@executable_path/Frameworks",
				);
				MARKETING_VERSION = 2026.02;
				PRODUCT_BUNDLE_IDENTIFIER = com.unchan.pankuzu.Pankuzu;
				PRODUCT_NAME = "$(TARGET_NAME)";
				STRING_CATALOG_GENERATE_SYMBOLS = YES;
				SUPPORTED_PLATFORMS = "iphoneos iphonesimulator";
				SUPPORTS_MACCATALYST = NO;
				SUPPORTS_MAC_DESIGNED_FOR_IPHONE_IPAD = NO;
				SUPPORTS_XR_DESIGNED_FOR_IPHONE_IPAD = NO;
				SWIFT_APPROACHABLE_CONCURRENCY = YES;
				SWIFT_DEFAULT_ACTOR_ISOLATION = nonisolated;
				SWIFT_EMIT_LOC_STRINGS = YES;
				SWIFT_UPCOMING_FEATURE_MEMBER_IMPORT_VISIBILITY = YES;
				SWIFT_VERSION = 6.0;
				TARGETED_DEVICE_FAMILY = 1;
			};
			name = Release;
		};
		566DA7482F05ACDC0044D201 /* Debug */ = {
			isa = XCBuildConfiguration;
			buildSettings = {
				BUNDLE_LOADER = "$(TEST_HOST)";
				CODE_SIGN_STYLE = Automatic;
				CURRENT_PROJECT_VERSION = 13;
				GENERATE_INFOPLIST_FILE = YES;
				IPHONEOS_DEPLOYMENT_TARGET = 26.2;
				MARKETING_VERSION = 2026.02;
				PRODUCT_BUNDLE_IDENTIFIER = com.unchan.pankuzu.PankuzuTests;
				PRODUCT_NAME = "$(TARGET_NAME)";
				STRING_CATALOG_GENERATE_SYMBOLS = NO;
				SWIFT_APPROACHABLE_CONCURRENCY = YES;
				SWIFT_EMIT_LOC_STRINGS = NO;
				SWIFT_UPCOMING_FEATURE_MEMBER_IMPORT_VISIBILITY = YES;
				SWIFT_VERSION = 5.0;
				TARGETED_DEVICE_FAMILY = "1,2";
				TEST_HOST = "$(BUILT_PRODUCTS_DIR)/Pankuzu.app/$(BUNDLE_EXECUTABLE_FOLDER_PATH)/Pankuzu";
			};
			name = Debug;
		};
		566DA7492F05ACDC0044D201 /* Release */ = {
			isa = XCBuildConfiguration;
			buildSettings = {
				BUNDLE_LOADER = "$(TEST_HOST)";
				CODE_SIGN_STYLE = Automatic;
				CURRENT_PROJECT_VERSION = 13;
				GENERATE_INFOPLIST_FILE = YES;
				IPHONEOS_DEPLOYMENT_TARGET = 26.2;
				MARKETING_VERSION = 2026.02;
				PRODUCT_BUNDLE_IDENTIFIER = com.unchan.pankuzu.PankuzuTests;
				PRODUCT_NAME = "$(TARGET_NAME)";
				STRING_CATALOG_GENERATE_SYMBOLS = NO;
				SWIFT_APPROACHABLE_CONCURRENCY = YES;
				SWIFT_EMIT_LOC_STRINGS = NO;
				SWIFT_UPCOMING_FEATURE_MEMBER_IMPORT_VISIBILITY = YES;
				SWIFT_VERSION = 5.0;
				TARGETED_DEVICE_FAMILY = "1,2";
				TEST_HOST = "$(BUILT_PRODUCTS_DIR)/Pankuzu.app/$(BUNDLE_EXECUTABLE_FOLDER_PATH)/Pankuzu";
			};
			name = Release;
		};
/* End XCBuildConfiguration section */

/* Begin XCConfigurationList section */
		566710B72F1FBBD30084A371 /* Build configuration list for PBXNativeTarget "LiveActivityWidget" */ = {
			isa = XCConfigurationList;
			buildConfigurations = (
				566710B82F1FBBD30084A371 /* Debug */,
				566710B92F1FBBD30084A371 /* Release */,
			);
			defaultConfigurationIsVisible = 0;
			defaultConfigurationName = Release;
		};
		566DA71E2F05ACDB0044D201 /* Build configuration list for PBXProject "Pankuzu" */ = {
			isa = XCConfigurationList;
			buildConfigurations = (
				566DA7422F05ACDC0044D201 /* Debug */,
				566DA7432F05ACDC0044D201 /* Release */,
			);
			defaultConfigurationIsVisible = 0;
			defaultConfigurationName = Release;
		};
		566DA7442F05ACDC0044D201 /* Build configuration list for PBXNativeTarget "Pankuzu" */ = {
			isa = XCConfigurationList;
			buildConfigurations = (
				566DA7452F05ACDC0044D201 /* Debug */,
				566DA7462F05ACDC0044D201 /* Release */,
			);
			defaultConfigurationIsVisible = 0;
			defaultConfigurationName = Release;
		};
		566DA7472F05ACDC0044D201 /* Build configuration list for PBXNativeTarget "PankuzuTests" */ = {
			isa = XCConfigurationList;
			buildConfigurations = (
				566DA7482F05ACDC0044D201 /* Debug */,
				566DA7492F05ACDC0044D201 /* Release */,
			);
			defaultConfigurationIsVisible = 0;
			defaultConfigurationName = Release;
		};
/* End XCConfigurationList section */

/* Begin XCRemoteSwiftPackageReference section */
		5692F18F2F09F86500D9F0AA /* XCRemoteSwiftPackageReference "sqlite-data" */ = {
			isa = XCRemoteSwiftPackageReference;
			repositoryURL = "https://github.com/pointfreeco/sqlite-data";
			requirement = {
				kind = upToNextMajorVersion;
				minimumVersion = 1.4.2;
			};
		};
/* End XCRemoteSwiftPackageReference section */

/* Begin XCSwiftPackageProductDependency section */
		5692F1902F09F86500D9F0AA /* SQLiteData */ = {
			isa = XCSwiftPackageProductDependency;
			package = 5692F18F2F09F86500D9F0AA /* XCRemoteSwiftPackageReference "sqlite-data" */;
			productName = SQLiteData;
		};
		56BBBFF92F0A0869008C2BFE /* CoreLocationManager */ = {
			isa = XCSwiftPackageProductDependency;
			productName = CoreLocationManager;
		};
		56BBBFFB2F0A088C008C2BFE /* ObdLinkManager */ = {
			isa = XCSwiftPackageProductDependency;
			productName = ObdLinkManager;
		};
		56BBBFFD2F0A0893008C2BFE /* DokoPacketManager */ = {
			isa = XCSwiftPackageProductDependency;
			productName = DokoPacketManager;
		};
		56BBBFFF2F0A0899008C2BFE /* DokoLocationManager */ = {
			isa = XCSwiftPackageProductDependency;
			productName = DokoLocationManager;
		};
		56BBC0012F0A089E008C2BFE /* DokoVehicleManager */ = {
			isa = XCSwiftPackageProductDependency;
			productName = DokoVehicleManager;
		};
		56BBC0032F0A08A3008C2BFE /* DokoWeatherManager */ = {
			isa = XCSwiftPackageProductDependency;
			productName = DokoWeatherManager;
		};
		56BBC0052F0A08C4008C2BFE /* DokoStateEngine */ = {
			isa = XCSwiftPackageProductDependency;
			productName = DokoStateEngine;
		};
		56BBC0092F0A0AFD008C2BFE /* DokoUI */ = {
			isa = XCSwiftPackageProductDependency;
			productName = DokoUI;
		};
		56DC448D2F1734700093A5C9 /* DokoNotificationManager */ = {
			isa = XCSwiftPackageProductDependency;
			productName = DokoNotificationManager;
		};
		56E516942F1FD59B00D816AA /* LiveActivityCore */ = {
			isa = XCSwiftPackageProductDependency;
			productName = LiveActivityCore;
		};
		56E516962F1FD60B00D816AA /* LiveActivityCore */ = {
			isa = XCSwiftPackageProductDependency;
			productName = LiveActivityCore;
		};
/* End XCSwiftPackageProductDependency section */
	};
	rootObject = 566DA71B2F05ACDB0044D201 /* Project object */;
}
